// !$*UTF8*$!
{
	archiveVersion = 1;
	classes = {
	};
	objectVersion = 46;
	objects = {

/* Begin PBXBuildFile section */
		1A77BEAB1CB3E06300E5654B /* GymCounterTests.swift in Sources */ = {isa = PBXBuildFile; fileRef = 1A77BEAA1CB3E06300E5654B /* GymCounterTests.swift */; };
		1A77BEB61CB3E06300E5654B /* GymCounterUITests.swift in Sources */ = {isa = PBXBuildFile; fileRef = 1A77BEB51CB3E06300E5654B /* GymCounterUITests.swift */; };
		1A77BED11CB3E15F00E5654B /* ExerciseTableViewController.swift in Sources */ = {isa = PBXBuildFile; fileRef = 1A77BEC51CB3E15F00E5654B /* ExerciseTableViewController.swift */; };
		1A77BED21CB3E15F00E5654B /* Assets.xcassets in Resources */ = {isa = PBXBuildFile; fileRef = 1A77BEC91CB3E15F00E5654B /* Assets.xcassets */; };
		1A77BED31CB3E15F00E5654B /* AppDelegate.swift in Sources */ = {isa = PBXBuildFile; fileRef = 1A77BECB1CB3E15F00E5654B /* AppDelegate.swift */; };
		1A77BED51CB3E15F00E5654B /* Main.storyboard in Resources */ = {isa = PBXBuildFile; fileRef = 1A77BECE1CB3E15F00E5654B /* Main.storyboard */; };
		1A77BED71CB3E7C200E5654B /* ExerciseDetailViewController.swift in Sources */ = {isa = PBXBuildFile; fileRef = 1A77BED61CB3E7C200E5654B /* ExerciseDetailViewController.swift */; };
		1A77BED91CB3EBBB00E5654B /* ExerciseCounterViewController.swift in Sources */ = {isa = PBXBuildFile; fileRef = 1A77BED81CB3EBBB00E5654B /* ExerciseCounterViewController.swift */; };
		1A77BEDB1CB3F29B00E5654B /* Exercise.swift in Sources */ = {isa = PBXBuildFile; fileRef = 1A77BEDA1CB3F29B00E5654B /* Exercise.swift */; };
		1A77BEDF1CB3F62C00E5654B /* UIKitClosures.framework in Frameworks */ = {isa = PBXBuildFile; fileRef = 1A77BEDE1CB3F62C00E5654B /* UIKitClosures.framework */; };
		1AB2421D1CDFABBA000408ED /* SetsCollectionViewLayout.swift in Sources */ = {isa = PBXBuildFile; fileRef = 1AB2421C1CDFABBA000408ED /* SetsCollectionViewLayout.swift */; };
		1AB2421F1CDFAC53000408ED /* SetsCollectionViewDelegate.swift in Sources */ = {isa = PBXBuildFile; fileRef = 1AB2421E1CDFAC53000408ED /* SetsCollectionViewDelegate.swift */; };
		1AE1013E1CB6A81700084897 /* UIKitClosures.framework in Embed Frameworks */ = {isa = PBXBuildFile; fileRef = 1A77BEDE1CB3F62C00E5654B /* UIKitClosures.framework */; settings = {ATTRIBUTES = (CodeSignOnCopy, RemoveHeadersOnCopy, ); }; };
		1AE101401CB6ADC700084897 /* MassUnitButton.swift in Sources */ = {isa = PBXBuildFile; fileRef = 1AE1013F1CB6ADC700084897 /* MassUnitButton.swift */; };
		1AE13F831CCD07B900D85AF9 /* SetsCollectionViewDataSource.swift in Sources */ = {isa = PBXBuildFile; fileRef = 1AE13F821CCD07B900D85AF9 /* SetsCollectionViewDataSource.swift */; };
		1AE13F851CCD094600D85AF9 /* SetCollectionViewCell.swift in Sources */ = {isa = PBXBuildFile; fileRef = 1AE13F841CCD094600D85AF9 /* SetCollectionViewCell.swift */; };
/* End PBXBuildFile section */

/* Begin PBXContainerItemProxy section */
		1A77BEA71CB3E06300E5654B /* PBXContainerItemProxy */ = {
			isa = PBXContainerItemProxy;
			containerPortal = 1A77BE8A1CB3E06300E5654B /* Project object */;
			proxyType = 1;
			remoteGlobalIDString = 1A77BE911CB3E06300E5654B;
			remoteInfo = GymCounter;
		};
		1A77BEB21CB3E06300E5654B /* PBXContainerItemProxy */ = {
			isa = PBXContainerItemProxy;
			containerPortal = 1A77BE8A1CB3E06300E5654B /* Project object */;
			proxyType = 1;
			remoteGlobalIDString = 1A77BE911CB3E06300E5654B;
			remoteInfo = GymCounter;
		};
/* End PBXContainerItemProxy section */

/* Begin PBXCopyFilesBuildPhase section */
		1AE1013D1CB6A80300084897 /* Embed Frameworks */ = {
			isa = PBXCopyFilesBuildPhase;
			buildActionMask = 2147483647;
			dstPath = "";
			dstSubfolderSpec = 10;
			files = (
				1AE1013E1CB6A81700084897 /* UIKitClosures.framework in Embed Frameworks */,
			);
			name = "Embed Frameworks";
			runOnlyForDeploymentPostprocessing = 0;
		};
/* End PBXCopyFilesBuildPhase section */

/* Begin PBXFileReference section */
		1A77BE921CB3E06300E5654B /* GymCounter.app */ = {isa = PBXFileReference; explicitFileType = wrapper.application; includeInIndex = 0; path = GymCounter.app; sourceTree = BUILT_PRODUCTS_DIR; };
		1A77BEA61CB3E06300E5654B /* GymCounterTests.xctest */ = {isa = PBXFileReference; explicitFileType = wrapper.cfbundle; includeInIndex = 0; path = GymCounterTests.xctest; sourceTree = BUILT_PRODUCTS_DIR; };
		1A77BEAA1CB3E06300E5654B /* GymCounterTests.swift */ = {isa = PBXFileReference; lastKnownFileType = sourcecode.swift; path = GymCounterTests.swift; sourceTree = "<group>"; };
		1A77BEAC1CB3E06300E5654B /* Info.plist */ = {isa = PBXFileReference; lastKnownFileType = text.plist.xml; path = Info.plist; sourceTree = "<group>"; };
		1A77BEB11CB3E06300E5654B /* GymCounterUITests.xctest */ = {isa = PBXFileReference; explicitFileType = wrapper.cfbundle; includeInIndex = 0; path = GymCounterUITests.xctest; sourceTree = BUILT_PRODUCTS_DIR; };
		1A77BEB51CB3E06300E5654B /* GymCounterUITests.swift */ = {isa = PBXFileReference; lastKnownFileType = sourcecode.swift; path = GymCounterUITests.swift; sourceTree = "<group>"; };
		1A77BEB71CB3E06300E5654B /* Info.plist */ = {isa = PBXFileReference; lastKnownFileType = text.plist.xml; path = Info.plist; sourceTree = "<group>"; };
		1A77BEC51CB3E15F00E5654B /* ExerciseTableViewController.swift */ = {isa = PBXFileReference; fileEncoding = 4; lastKnownFileType = sourcecode.swift; path = ExerciseTableViewController.swift; sourceTree = "<group>"; };
		1A77BEC91CB3E15F00E5654B /* Assets.xcassets */ = {isa = PBXFileReference; lastKnownFileType = folder.assetcatalog; path = Assets.xcassets; sourceTree = "<group>"; };
		1A77BECB1CB3E15F00E5654B /* AppDelegate.swift */ = {isa = PBXFileReference; fileEncoding = 4; lastKnownFileType = sourcecode.swift; path = AppDelegate.swift; sourceTree = "<group>"; };
		1A77BECC1CB3E15F00E5654B /* Info.plist */ = {isa = PBXFileReference; fileEncoding = 4; lastKnownFileType = text.plist.xml; path = Info.plist; sourceTree = "<group>"; };
		1A77BECF1CB3E15F00E5654B /* Base */ = {isa = PBXFileReference; lastKnownFileType = file.storyboard; name = Base; path = Base.lproj/Main.storyboard; sourceTree = "<group>"; };
		1A77BED61CB3E7C200E5654B /* ExerciseDetailViewController.swift */ = {isa = PBXFileReference; fileEncoding = 4; lastKnownFileType = sourcecode.swift; path = ExerciseDetailViewController.swift; sourceTree = "<group>"; };
		1A77BED81CB3EBBB00E5654B /* ExerciseCounterViewController.swift */ = {isa = PBXFileReference; fileEncoding = 4; lastKnownFileType = sourcecode.swift; path = ExerciseCounterViewController.swift; sourceTree = "<group>"; };
		1A77BEDA1CB3F29B00E5654B /* Exercise.swift */ = {isa = PBXFileReference; fileEncoding = 4; lastKnownFileType = sourcecode.swift; path = Exercise.swift; sourceTree = "<group>"; };
		1A77BEDE1CB3F62C00E5654B /* UIKitClosures.framework */ = {isa = PBXFileReference; lastKnownFileType = wrapper.framework; name = UIKitClosures.framework; path = Carthage/Build/iOS/UIKitClosures.framework; sourceTree = "<group>"; };
		1AB2421C1CDFABBA000408ED /* SetsCollectionViewLayout.swift */ = {isa = PBXFileReference; fileEncoding = 4; lastKnownFileType = sourcecode.swift; path = SetsCollectionViewLayout.swift; sourceTree = "<group>"; };
		1AB2421E1CDFAC53000408ED /* SetsCollectionViewDelegate.swift */ = {isa = PBXFileReference; fileEncoding = 4; lastKnownFileType = sourcecode.swift; path = SetsCollectionViewDelegate.swift; sourceTree = "<group>"; };
		1AE1013F1CB6ADC700084897 /* MassUnitButton.swift */ = {isa = PBXFileReference; fileEncoding = 4; lastKnownFileType = sourcecode.swift; path = MassUnitButton.swift; sourceTree = "<group>"; };
		1AE13F821CCD07B900D85AF9 /* SetsCollectionViewDataSource.swift */ = {isa = PBXFileReference; fileEncoding = 4; lastKnownFileType = sourcecode.swift; path = SetsCollectionViewDataSource.swift; sourceTree = "<group>"; };
		1AE13F841CCD094600D85AF9 /* SetCollectionViewCell.swift */ = {isa = PBXFileReference; fileEncoding = 4; lastKnownFileType = sourcecode.swift; path = SetCollectionViewCell.swift; sourceTree = "<group>"; };
/* End PBXFileReference section */

/* Begin PBXFrameworksBuildPhase section */
		1A77BE8F1CB3E06300E5654B /* Frameworks */ = {
			isa = PBXFrameworksBuildPhase;
			buildActionMask = 2147483647;
			files = (
				1A77BEDF1CB3F62C00E5654B /* UIKitClosures.framework in Frameworks */,
			);
			runOnlyForDeploymentPostprocessing = 0;
		};
		1A77BEA31CB3E06300E5654B /* Frameworks */ = {
			isa = PBXFrameworksBuildPhase;
			buildActionMask = 2147483647;
			files = (
			);
			runOnlyForDeploymentPostprocessing = 0;
		};
		1A77BEAE1CB3E06300E5654B /* Frameworks */ = {
			isa = PBXFrameworksBuildPhase;
			buildActionMask = 2147483647;
			files = (
			);
			runOnlyForDeploymentPostprocessing = 0;
		};
/* End PBXFrameworksBuildPhase section */

/* Begin PBXGroup section */
		1A77BE891CB3E06300E5654B = {
			isa = PBXGroup;
			children = (
				1A77BEDE1CB3F62C00E5654B /* UIKitClosures.framework */,
				1A77BEC31CB3E15F00E5654B /* GymCounter */,
				1A77BEA91CB3E06300E5654B /* GymCounterTests */,
				1A77BEB41CB3E06300E5654B /* GymCounterUITests */,
				1A77BE931CB3E06300E5654B /* Products */,
			);
			sourceTree = "<group>";
		};
		1A77BE931CB3E06300E5654B /* Products */ = {
			isa = PBXGroup;
			children = (
				1A77BE921CB3E06300E5654B /* GymCounter.app */,
				1A77BEA61CB3E06300E5654B /* GymCounterTests.xctest */,
				1A77BEB11CB3E06300E5654B /* GymCounterUITests.xctest */,
			);
			name = Products;
			sourceTree = "<group>";
		};
		1A77BEA91CB3E06300E5654B /* GymCounterTests */ = {
			isa = PBXGroup;
			children = (
				1A77BEAA1CB3E06300E5654B /* GymCounterTests.swift */,
				1A77BEAC1CB3E06300E5654B /* Info.plist */,
			);
			path = GymCounterTests;
			sourceTree = "<group>";
		};
		1A77BEB41CB3E06300E5654B /* GymCounterUITests */ = {
			isa = PBXGroup;
			children = (
				1A77BEB51CB3E06300E5654B /* GymCounterUITests.swift */,
				1A77BEB71CB3E06300E5654B /* Info.plist */,
			);
			path = GymCounterUITests;
			sourceTree = "<group>";
		};
		1A77BEC31CB3E15F00E5654B /* GymCounter */ = {
			isa = PBXGroup;
			children = (
				1A77BEC41CB3E15F00E5654B /* Controller */,
				1A77BEC61CB3E15F00E5654B /* Extensions */,
				1A77BEC71CB3E15F00E5654B /* Model */,
				1A77BEC81CB3E15F00E5654B /* Resources */,
				1A77BECA1CB3E15F00E5654B /* Supporting-Files */,
				1A77BECD1CB3E15F00E5654B /* User-Interface */,
				1A77BED01CB3E15F00E5654B /* View */,
			);
			path = GymCounter;
			sourceTree = "<group>";
		};
		1A77BEC41CB3E15F00E5654B /* Controller */ = {
			isa = PBXGroup;
			children = (
				1A77BEC51CB3E15F00E5654B /* ExerciseTableViewController.swift */,
				1A77BED61CB3E7C200E5654B /* ExerciseDetailViewController.swift */,
				1A77BED81CB3EBBB00E5654B /* ExerciseCounterViewController.swift */,
			);
			path = Controller;
			sourceTree = "<group>";
		};
		1A77BEC61CB3E15F00E5654B /* Extensions */ = {
			isa = PBXGroup;
			children = (
			);
			path = Extensions;
			sourceTree = "<group>";
		};
		1A77BEC71CB3E15F00E5654B /* Model */ = {
			isa = PBXGroup;
			children = (
				1AB2421E1CDFAC53000408ED /* SetsCollectionViewDelegate.swift */,
				1AB2421C1CDFABBA000408ED /* SetsCollectionViewLayout.swift */,
				1AE13F821CCD07B900D85AF9 /* SetsCollectionViewDataSource.swift */,
				1A77BEDA1CB3F29B00E5654B /* Exercise.swift */,
			);
			path = Model;
			sourceTree = "<group>";
		};
		1A77BEC81CB3E15F00E5654B /* Resources */ = {
			isa = PBXGroup;
			children = (
				1A77BEC91CB3E15F00E5654B /* Assets.xcassets */,
			);
			path = Resources;
			sourceTree = "<group>";
		};
		1A77BECA1CB3E15F00E5654B /* Supporting-Files */ = {
			isa = PBXGroup;
			children = (
				1A77BECB1CB3E15F00E5654B /* AppDelegate.swift */,
				1A77BECC1CB3E15F00E5654B /* Info.plist */,
			);
			path = "Supporting-Files";
			sourceTree = "<group>";
		};
		1A77BECD1CB3E15F00E5654B /* User-Interface */ = {
			isa = PBXGroup;
			children = (
				1A77BECE1CB3E15F00E5654B /* Main.storyboard */,
			);
			path = "User-Interface";
			sourceTree = "<group>";
		};
		1A77BED01CB3E15F00E5654B /* View */ = {
			isa = PBXGroup;
			children = (
				1AE13F841CCD094600D85AF9 /* SetCollectionViewCell.swift */,
				1AE1013F1CB6ADC700084897 /* MassUnitButton.swift */,
			);
			path = View;
			sourceTree = "<group>";
		};
/* End PBXGroup section */

/* Begin PBXNativeTarget section */
		1A77BE911CB3E06300E5654B /* GymCounter */ = {
			isa = PBXNativeTarget;
			buildConfigurationList = 1A77BEBA1CB3E06300E5654B /* Build configuration list for PBXNativeTarget "GymCounter" */;
			buildPhases = (
				1A77BE8E1CB3E06300E5654B /* Sources */,
				1A77BE8F1CB3E06300E5654B /* Frameworks */,
				1AE1013D1CB6A80300084897 /* Embed Frameworks */,
				1A77BE901CB3E06300E5654B /* Resources */,
			);
			buildRules = (
			);
			dependencies = (
			);
			name = GymCounter;
			productName = GymCounter;
			productReference = 1A77BE921CB3E06300E5654B /* GymCounter.app */;
			productType = "com.apple.product-type.application";
		};
		1A77BEA51CB3E06300E5654B /* GymCounterTests */ = {
			isa = PBXNativeTarget;
			buildConfigurationList = 1A77BEBD1CB3E06300E5654B /* Build configuration list for PBXNativeTarget "GymCounterTests" */;
			buildPhases = (
				1A77BEA21CB3E06300E5654B /* Sources */,
				1A77BEA31CB3E06300E5654B /* Frameworks */,
				1A77BEA41CB3E06300E5654B /* Resources */,
			);
			buildRules = (
			);
			dependencies = (
				1A77BEA81CB3E06300E5654B /* PBXTargetDependency */,
			);
			name = GymCounterTests;
			productName = GymCounterTests;
			productReference = 1A77BEA61CB3E06300E5654B /* GymCounterTests.xctest */;
			productType = "com.apple.product-type.bundle.unit-test";
		};
		1A77BEB01CB3E06300E5654B /* GymCounterUITests */ = {
			isa = PBXNativeTarget;
			buildConfigurationList = 1A77BEC01CB3E06300E5654B /* Build configuration list for PBXNativeTarget "GymCounterUITests" */;
			buildPhases = (
				1A77BEAD1CB3E06300E5654B /* Sources */,
				1A77BEAE1CB3E06300E5654B /* Frameworks */,
				1A77BEAF1CB3E06300E5654B /* Resources */,
			);
			buildRules = (
			);
			dependencies = (
				1A77BEB31CB3E06300E5654B /* PBXTargetDependency */,
			);
			name = GymCounterUITests;
			productName = GymCounterUITests;
			productReference = 1A77BEB11CB3E06300E5654B /* GymCounterUITests.xctest */;
			productType = "com.apple.product-type.bundle.ui-testing";
		};
/* End PBXNativeTarget section */

/* Begin PBXProject section */
		1A77BE8A1CB3E06300E5654B /* Project object */ = {
			isa = PBXProject;
			attributes = {
				LastSwiftUpdateCheck = 0730;
				LastUpgradeCheck = 0730;
				ORGANIZATIONNAME = "&Beyond";
				TargetAttributes = {
					1A77BE911CB3E06300E5654B = {
						CreatedOnToolsVersion = 7.3;
						DevelopmentTeam = ZFDEX86BMA;
					};
					1A77BEA51CB3E06300E5654B = {
						CreatedOnToolsVersion = 7.3;
						TestTargetID = 1A77BE911CB3E06300E5654B;
					};
					1A77BEB01CB3E06300E5654B = {
						CreatedOnToolsVersion = 7.3;
						TestTargetID = 1A77BE911CB3E06300E5654B;
					};
				};
			};
			buildConfigurationList = 1A77BE8D1CB3E06300E5654B /* Build configuration list for PBXProject "GymCounter" */;
			compatibilityVersion = "Xcode 3.2";
			developmentRegion = English;
			hasScannedForEncodings = 0;
			knownRegions = (
				en,
				Base,
			);
			mainGroup = 1A77BE891CB3E06300E5654B;
			productRefGroup = 1A77BE931CB3E06300E5654B /* Products */;
			projectDirPath = "";
			projectRoot = "";
			targets = (
				1A77BE911CB3E06300E5654B /* GymCounter */,
				1A77BEA51CB3E06300E5654B /* GymCounterTests */,
				1A77BEB01CB3E06300E5654B /* GymCounterUITests */,
			);
		};
/* End PBXProject section */

/* Begin PBXResourcesBuildPhase section */
		1A77BE901CB3E06300E5654B /* Resources */ = {
			isa = PBXResourcesBuildPhase;
			buildActionMask = 2147483647;
			files = (
				1A77BED51CB3E15F00E5654B /* Main.storyboard in Resources */,
				1A77BED21CB3E15F00E5654B /* Assets.xcassets in Resources */,
			);
			runOnlyForDeploymentPostprocessing = 0;
		};
		1A77BEA41CB3E06300E5654B /* Resources */ = {
			isa = PBXResourcesBuildPhase;
			buildActionMask = 2147483647;
			files = (
			);
			runOnlyForDeploymentPostprocessing = 0;
		};
		1A77BEAF1CB3E06300E5654B /* Resources */ = {
			isa = PBXResourcesBuildPhase;
			buildActionMask = 2147483647;
			files = (
			);
			runOnlyForDeploymentPostprocessing = 0;
		};
/* End PBXResourcesBuildPhase section */

/* Begin PBXSourcesBuildPhase section */
		1A77BE8E1CB3E06300E5654B /* Sources */ = {
			isa = PBXSourcesBuildPhase;
			buildActionMask = 2147483647;
			files = (
				1A77BEDB1CB3F29B00E5654B /* Exercise.swift in Sources */,
				1AE13F851CCD094600D85AF9 /* SetCollectionViewCell.swift in Sources */,
				1AB2421D1CDFABBA000408ED /* SetsCollectionViewLayout.swift in Sources */,
				1A77BED31CB3E15F00E5654B /* AppDelegate.swift in Sources */,
				1AB2421F1CDFAC53000408ED /* SetsCollectionViewDelegate.swift in Sources */,
				1A77BED91CB3EBBB00E5654B /* ExerciseCounterViewController.swift in Sources */,
				1A77BED11CB3E15F00E5654B /* ExerciseTableViewController.swift in Sources */,
				1A77BED71CB3E7C200E5654B /* ExerciseDetailViewController.swift in Sources */,
				1AE13F831CCD07B900D85AF9 /* SetsCollectionViewDataSource.swift in Sources */,
				1AE101401CB6ADC700084897 /* MassUnitButton.swift in Sources */,
			);
			runOnlyForDeploymentPostprocessing = 0;
		};
		1A77BEA21CB3E06300E5654B /* Sources */ = {
			isa = PBXSourcesBuildPhase;
			buildActionMask = 2147483647;
			files = (
				1A77BEAB1CB3E06300E5654B /* GymCounterTests.swift in Sources */,
			);
			runOnlyForDeploymentPostprocessing = 0;
		};
		1A77BEAD1CB3E06300E5654B /* Sources */ = {
			isa = PBXSourcesBuildPhase;
			buildActionMask = 2147483647;
			files = (
				1A77BEB61CB3E06300E5654B /* GymCounterUITests.swift in Sources */,
			);
			runOnlyForDeploymentPostprocessing = 0;
		};
/* End PBXSourcesBuildPhase section */

/* Begin PBXTargetDependency section */
		1A77BEA81CB3E06300E5654B /* PBXTargetDependency */ = {
			isa = PBXTargetDependency;
			target = 1A77BE911CB3E06300E5654B /* GymCounter */;
			targetProxy = 1A77BEA71CB3E06300E5654B /* PBXContainerItemProxy */;
		};
		1A77BEB31CB3E06300E5654B /* PBXTargetDependency */ = {
			isa = PBXTargetDependency;
			target = 1A77BE911CB3E06300E5654B /* GymCounter */;
			targetProxy = 1A77BEB21CB3E06300E5654B /* PBXContainerItemProxy */;
		};
/* End PBXTargetDependency section */

/* Begin PBXVariantGroup section */
		1A77BECE1CB3E15F00E5654B /* Main.storyboard */ = {
			isa = PBXVariantGroup;
			children = (
				1A77BECF1CB3E15F00E5654B /* Base */,
			);
			name = Main.storyboard;
			sourceTree = "<group>";
		};
/* End PBXVariantGroup section */

/* Begin XCBuildConfiguration section */
		1A77BEB81CB3E06300E5654B /* Debug */ = {
			isa = XCBuildConfiguration;
			buildSettings = {
				ALWAYS_SEARCH_USER_PATHS = NO;
				CLANG_ANALYZER_NONNULL = YES;
				CLANG_CXX_LANGUAGE_STANDARD = "gnu++0x";
				CLANG_CXX_LIBRARY = "libc++";
				CLANG_ENABLE_MODULES = YES;
				CLANG_ENABLE_OBJC_ARC = YES;
				CLANG_WARN_BOOL_CONVERSION = YES;
				CLANG_WARN_CONSTANT_CONVERSION = YES;
				CLANG_WARN_DIRECT_OBJC_ISA_USAGE = YES_ERROR;
				CLANG_WARN_EMPTY_BODY = YES;
				CLANG_WARN_ENUM_CONVERSION = YES;
				CLANG_WARN_INT_CONVERSION = YES;
				CLANG_WARN_OBJC_ROOT_CLASS = YES_ERROR;
				CLANG_WARN_UNREACHABLE_CODE = YES;
				CLANG_WARN__DUPLICATE_METHOD_MATCH = YES;
				"CODE_SIGN_IDENTITY[sdk=iphoneos*]" = "iPhone Developer";
				COPY_PHASE_STRIP = NO;
				DEBUG_INFORMATION_FORMAT = dwarf;
				EMBEDDED_CONTENT_CONTAINS_SWIFT = YES;
				ENABLE_STRICT_OBJC_MSGSEND = YES;
				ENABLE_TESTABILITY = YES;
				FRAMEWORK_SEARCH_PATHS = "$(PROJECT_DIR)/Carthage/Build/iOS";
				GCC_C_LANGUAGE_STANDARD = gnu99;
				GCC_DYNAMIC_NO_PIC = NO;
				GCC_NO_COMMON_BLOCKS = YES;
				GCC_OPTIMIZATION_LEVEL = 0;
				GCC_PREPROCESSOR_DEFINITIONS = (
					"DEBUG=1",
					"$(inherited)",
				);
				GCC_WARN_64_TO_32_BIT_CONVERSION = YES;
				GCC_WARN_ABOUT_RETURN_TYPE = YES_ERROR;
				GCC_WARN_UNDECLARED_SELECTOR = YES;
				GCC_WARN_UNINITIALIZED_AUTOS = YES_AGGRESSIVE;
				GCC_WARN_UNUSED_FUNCTION = YES;
				GCC_WARN_UNUSED_VARIABLE = YES;
				IPHONEOS_DEPLOYMENT_TARGET = 9.0;
				LD_RUNPATH_SEARCH_PATHS = "$(PROJECT_DIR)/Carthage/Build/iOS @executable_path/Frameworks @loader_path/Frameworks";
				LIBRARY_SEARCH_PATHS = "$(PROJECT_DIR)/Carthage/Build/iOS";
				MTL_ENABLE_DEBUG_INFO = YES;
				ONLY_ACTIVE_ARCH = YES;
				SDKROOT = iphoneos;
				SWIFT_OPTIMIZATION_LEVEL = "-Onone";
				TARGETED_DEVICE_FAMILY = "1,2";
			};
			name = Debug;
		};
		1A77BEB91CB3E06300E5654B /* Release */ = {
			isa = XCBuildConfiguration;
			buildSettings = {
				ALWAYS_SEARCH_USER_PATHS = NO;
				CLANG_ANALYZER_NONNULL = YES;
				CLANG_CXX_LANGUAGE_STANDARD = "gnu++0x";
				CLANG_CXX_LIBRARY = "libc++";
				CLANG_ENABLE_MODULES = YES;
				CLANG_ENABLE_OBJC_ARC = YES;
				CLANG_WARN_BOOL_CONVERSION = YES;
				CLANG_WARN_CONSTANT_CONVERSION = YES;
				CLANG_WARN_DIRECT_OBJC_ISA_USAGE = YES_ERROR;
				CLANG_WARN_EMPTY_BODY = YES;
				CLANG_WARN_ENUM_CONVERSION = YES;
				CLANG_WARN_INT_CONVERSION = YES;
				CLANG_WARN_OBJC_ROOT_CLASS = YES_ERROR;
				CLANG_WARN_UNREACHABLE_CODE = YES;
				CLANG_WARN__DUPLICATE_METHOD_MATCH = YES;
				"CODE_SIGN_IDENTITY[sdk=iphoneos*]" = "iPhone Developer";
				COPY_PHASE_STRIP = NO;
				DEBUG_INFORMATION_FORMAT = "dwarf-with-dsym";
				EMBEDDED_CONTENT_CONTAINS_SWIFT = YES;
				ENABLE_NS_ASSERTIONS = NO;
				ENABLE_STRICT_OBJC_MSGSEND = YES;
				FRAMEWORK_SEARCH_PATHS = "$(PROJECT_DIR)/Carthage/Build/iOS";
				GCC_C_LANGUAGE_STANDARD = gnu99;
				GCC_NO_COMMON_BLOCKS = YES;
				GCC_WARN_64_TO_32_BIT_CONVERSION = YES;
				GCC_WARN_ABOUT_RETURN_TYPE = YES_ERROR;
				GCC_WARN_UNDECLARED_SELECTOR = YES;
				GCC_WARN_UNINITIALIZED_AUTOS = YES_AGGRESSIVE;
				GCC_WARN_UNUSED_FUNCTION = YES;
				GCC_WARN_UNUSED_VARIABLE = YES;
				IPHONEOS_DEPLOYMENT_TARGET = 9.0;
				LD_RUNPATH_SEARCH_PATHS = "$(PROJECT_DIR)/Carthage/Build/iOS @executable_path/Frameworks @loader_path/Frameworks";
				LIBRARY_SEARCH_PATHS = "$(PROJECT_DIR)/Carthage/Build/iOS";
				MTL_ENABLE_DEBUG_INFO = NO;
				SDKROOT = iphoneos;
				TARGETED_DEVICE_FAMILY = "1,2";
				VALIDATE_PRODUCT = YES;
			};
			name = Release;
		};
		1A77BEBB1CB3E06300E5654B /* Debug */ = {
			isa = XCBuildConfiguration;
			buildSettings = {
				ASSETCATALOG_COMPILER_APPICON_NAME = AppIcon;
				CODE_SIGN_IDENTITY = "iPhone Developer";
				"CODE_SIGN_IDENTITY[sdk=iphoneos*]" = "iPhone Developer";
				EMBEDDED_CONTENT_CONTAINS_SWIFT = YES;
				FRAMEWORK_SEARCH_PATHS = "$(inherited)";
				INFOPLIST_FILE = "$(SRCROOT)/GymCounter/Supporting-Files/Info.plist";
				LD_RUNPATH_SEARCH_PATHS = "$(inherited) @executable_path/Frameworks";
				PRODUCT_BUNDLE_IDENTIFIER = co.andbeyond.GymCounter;
				PRODUCT_NAME = "$(TARGET_NAME)";
				PROVISIONING_PROFILE = "";
				TARGETED_DEVICE_FAMILY = 1;
			};
			name = Debug;
		};
		1A77BEBC1CB3E06300E5654B /* Release */ = {
			isa = XCBuildConfiguration;
			buildSettings = {
				ASSETCATALOG_COMPILER_APPICON_NAME = AppIcon;
				CODE_SIGN_IDENTITY = "iPhone Developer";
				"CODE_SIGN_IDENTITY[sdk=iphoneos*]" = "iPhone Developer";
				EMBEDDED_CONTENT_CONTAINS_SWIFT = YES;
				FRAMEWORK_SEARCH_PATHS = "$(inherited)";
				INFOPLIST_FILE = "$(SRCROOT)/GymCounter/Supporting-Files/Info.plist";
				LD_RUNPATH_SEARCH_PATHS = "$(inherited) @executable_path/Frameworks";
				PRODUCT_BUNDLE_IDENTIFIER = co.andbeyond.GymCounter;
				PRODUCT_NAME = "$(TARGET_NAME)";
				PROVISIONING_PROFILE = "";
				TARGETED_DEVICE_FAMILY = 1;
			};
			name = Release;
		};
		1A77BEBE1CB3E06300E5654B /* Debug */ = {
			isa = XCBuildConfiguration;
			buildSettings = {
				BUNDLE_LOADER = "$(TEST_HOST)";
				EMBEDDED_CONTENT_CONTAINS_SWIFT = YES;
				INFOPLIST_FILE = GymCounterTests/Info.plist;
				LD_RUNPATH_SEARCH_PATHS = "$(inherited)";
				PRODUCT_BUNDLE_IDENTIFIER = co.andbeyond.GymCounterTests;
				PRODUCT_NAME = "$(TARGET_NAME)";
				TEST_HOST = "$(BUILT_PRODUCTS_DIR)/GymCounter.app/GymCounter";
			};
			name = Debug;
		};
		1A77BEBF1CB3E06300E5654B /* Release */ = {
			isa = XCBuildConfiguration;
			buildSettings = {
				BUNDLE_LOADER = "$(TEST_HOST)";
				EMBEDDED_CONTENT_CONTAINS_SWIFT = YES;
				INFOPLIST_FILE = GymCounterTests/Info.plist;
				LD_RUNPATH_SEARCH_PATHS = "$(inherited)";
				PRODUCT_BUNDLE_IDENTIFIER = co.andbeyond.GymCounterTests;
				PRODUCT_NAME = "$(TARGET_NAME)";
				TEST_HOST = "$(BUILT_PRODUCTS_DIR)/GymCounter.app/GymCounter";
			};
			name = Release;
		};
		1A77BEC11CB3E06300E5654B /* Debug */ = {
			isa = XCBuildConfiguration;
			buildSettings = {
				EMBEDDED_CONTENT_CONTAINS_SWIFT = YES;
				INFOPLIST_FILE = GymCounterUITests/Info.plist;
				LD_RUNPATH_SEARCH_PATHS = "$(inherited)";
				PRODUCT_BUNDLE_IDENTIFIER = co.andbeyond.GymCounterUITests;
				PRODUCT_NAME = "$(TARGET_NAME)";
				TEST_TARGET_NAME = GymCounter;
			};
			name = Debug;
		};
		1A77BEC21CB3E06300E5654B /* Release */ = {
			isa = XCBuildConfiguration;
			buildSettings = {
				EMBEDDED_CONTENT_CONTAINS_SWIFT = YES;
				INFOPLIST_FILE = GymCounterUITests/Info.plist;
				LD_RUNPATH_SEARCH_PATHS = "$(inherited)";
				PRODUCT_BUNDLE_IDENTIFIER = co.andbeyond.GymCounterUITests;
				PRODUCT_NAME = "$(TARGET_NAME)";
				TEST_TARGET_NAME = GymCounter;
			};
			name = Release;
		};
/* End XCBuildConfiguration section */

/* Begin XCConfigurationList section */
		1A77BE8D1CB3E06300E5654B /* Build configuration list for PBXProject "GymCounter" */ = {
			isa = XCConfigurationList;
			buildConfigurations = (
				1A77BEB81CB3E06300E5654B /* Debug */,
				1A77BEB91CB3E06300E5654B /* Release */,
			);
			defaultConfigurationIsVisible = 0;
			defaultConfigurationName = Release;
		};
		1A77BEBA1CB3E06300E5654B /* Build configuration list for PBXNativeTarget "GymCounter" */ = {
			isa = XCConfigurationList;
			buildConfigurations = (
				1A77BEBB1CB3E06300E5654B /* Debug */,
				1A77BEBC1CB3E06300E5654B /* Release */,
			);
			defaultConfigurationIsVisible = 0;
			defaultConfigurationName = Release;
		};
		1A77BEBD1CB3E06300E5654B /* Build configuration list for PBXNativeTarget "GymCounterTests" */ = {
			isa = XCConfigurationList;
			buildConfigurations = (
				1A77BEBE1CB3E06300E5654B /* Debug */,
				1A77BEBF1CB3E06300E5654B /* Release */,
			);
			defaultConfigurationIsVisible = 0;
			defaultConfigurationName = Release;
		};
		1A77BEC01CB3E06300E5654B /* Build configuration list for PBXNativeTarget "GymCounterUITests" */ = {
			isa = XCConfigurationList;
			buildConfigurations = (
				1A77BEC11CB3E06300E5654B /* Debug */,
				1A77BEC21CB3E06300E5654B /* Release */,
			);
			defaultConfigurationIsVisible = 0;
			defaultConfigurationName = Release;
		};
/* End XCConfigurationList section */
	};
	rootObject = 1A77BE8A1CB3E06300E5654B /* Project object */;
}
